{
    "_meta": {
        "hash": {
            "sha256": "e9bdaf04b145e8a1438a7491294015645077290a131a17cbb11a388c480bd412"
        },
        "pipfile-spec": 6,
        "requires": {
            "python_version": "3.9"
        },
        "sources": [
            {
                "name": "pypi",
                "url": "https://pypi.org/simple",
                "verify_ssl": true
            }
        ]
    },
    "default": {
        "networkx": {
            "hashes": [
                "sha256:230d388117af870fce5647a3c52401fcf753e94720e6ea6b4197a5355648885e",
                "sha256:e435dfa75b1d7195c7b8378c3859f0445cd88c6b0375c181ed66823a9ceb7524"
            ],
            "index": "pypi",
            "version": "==2.8.8"
        }
    },
    "develop": {}
}
